
Microsoft Visual Studio Solution File, Format Version 12.00
# Visual Studio Version 16
VisualStudioVersion = 16.0.30717.126
MinimumVisualStudioVersion = 10.0.40219.1
Project("{FAE04EC0-301F-11D3-BF4B-00C04F79EFBC}") = "WPF_project_Cafe", "WPF_project_Cafe.csproj", "{F099D179-7806-4AD2-87BC-619342C7DB90}"
EndProject
Global
	GlobalSection(SolutionConfigurationPlatforms) = preSolution
		Debug|Any CPU = Debug|Any CPU
		Release|Any CPU = Release|Any CPU
	EndGlobalSection
	GlobalSection(ProjectConfigurationPlatforms) = postSolution
		{F099D179-7806-4AD2-87BC-619342C7DB90}.Debug|Any CPU.ActiveCfg = Debug|Any CPU
		{F099D179-7806-4AD2-87BC-619342C7DB90}.Debug|Any CPU.Build.0 = Debug|Any CPU
		{F099D179-7806-4AD2-87BC-619342C7DB90}.Release|Any CPU.ActiveCfg = Release|Any CPU
		{F099D179-7806-4AD2-87BC-619342C7DB90}.Release|Any CPU.Build.0 = Release|Any CPU
	EndGlobalSection
	GlobalSection(SolutionProperties) = preSolution
		HideSolutionNode = FALSE
	EndGlobalSection
	GlobalSection(ExtensibilityGlobals) = postSolution
		SolutionGuid = {913558E3-2E8A-4B31-A6B2-D16E2F55B876}
	EndGlobalSection
EndGlobal
